<?xml version="1.0" encoding="utf-8"?>
<Project ToolsVersion="4.0" xmlns="http://schemas.microsoft.com/developer/msbuild/2003">
  <ItemGroup>
    <Filter Include="源文件">
      <UniqueIdentifier>{4FC737F1-C7A5-4376-A066-2A32D752A2FF}</UniqueIdentifier>
      <Extensions>cpp;c;cc;cxx;def;odl;idl;hpj;bat;asm;asmx</Extensions>
    </Filter>
    <Filter Include="头文件">
      <UniqueIdentifier>{93995380-89BD-4b04-88EB-625FBE52EBFB}</UniqueIdentifier>
      <Extensions>h;hh;hpp;hxx;hm;inl;inc;xsd</Extensions>
    </Filter>
    <Filter Include="资源文件">
      <UniqueIdentifier>{67DA6AB6-F800-4c08-8B7A-83BB121AAD01}</UniqueIdentifier>
      <Extensions>rc;ico;cur;bmp;dlg;rc2;rct;bin;rgs;gif;jpg;jpeg;jpe;resx;tiff;tif;png;wav;mfcribbon-ms</Extensions>
    </Filter>
  </ItemGroup>
  <ItemGroup>
    <ClCompile Include="459. Repeated Substring Pattern.cpp">
      <Filter>源文件</Filter>
    </ClCompile>
    <ClCompile Include="common.cpp">
      <Filter>源文件</Filter>
    </ClCompile>
    <ClCompile Include="216. Combination Sum III.cpp">
      <Filter>源文件</Filter>
    </ClCompile>
    <ClCompile Include="600. Non-negative Integers without Consecutive Ones.cpp">
      <Filter>源文件</Filter>
    </ClCompile>
    <ClCompile Include="475. Heaters.cpp">
      <Filter>源文件</Filter>
    </ClCompile>
    <ClCompile Include="513. Find Bottom Left Tree Value.cpp">
      <Filter>源文件</Filter>
    </ClCompile>
    <ClCompile Include="687. Longest Univalue Path.cpp">
      <Filter>源文件</Filter>
    </ClCompile>
    <ClCompile Include="282. Expression Add Operators.cpp">
      <Filter>源文件</Filter>
    </ClCompile>
    <ClCompile Include="696. Count Binary Substrings.cpp">
      <Filter>源文件</Filter>
    </ClCompile>
    <ClCompile Include="229. Majority Element II.cpp">
      <Filter>源文件</Filter>
    </ClCompile>
    <ClCompile Include="649. Dota2 Senate.cpp">
      <Filter>源文件</Filter>
    </ClCompile>
    <ClCompile Include="611. Valid Triangle Number.cpp">
      <Filter>源文件</Filter>
    </ClCompile>
    <ClCompile Include="49. Group Anagrams.cpp">
      <Filter>源文件</Filter>
    </ClCompile>
    <ClCompile Include="518. Coin Change 2.cpp">
      <Filter>源文件</Filter>
    </ClCompile>
    <ClCompile Include="500. Keyboard Row.cpp">
      <Filter>源文件</Filter>
    </ClCompile>
    <ClCompile Include="504. Base 7.cpp">
      <Filter>源文件</Filter>
    </ClCompile>
    <ClCompile Include="520. Detect Capital.cpp">
      <Filter>源文件</Filter>
    </ClCompile>
    <ClCompile Include="temp.cpp">
      <Filter>源文件</Filter>
    </ClCompile>
  </ItemGroup>
  <ItemGroup>
    <ClInclude Include="common.h">
      <Filter>头文件</Filter>
    </ClInclude>
  </ItemGroup>
</Project>